
Microsoft Visual Studio Solution File, Format Version 12.00
# Visual Studio Version 16
VisualStudioVersion = 16.0.30611.23
MinimumVisualStudioVersion = 10.0.40219.1
Project("{FAE04EC0-301F-11D3-BF4B-00C04F79EFBC}") = "Ativ13", "Ativ13\Ativ13.csproj", "{0DC23BC5-1B61-4519-A421-23572B5B9B3B}"
EndProject
Global
	GlobalSection(SolutionConfigurationPlatforms) = preSolution
		Debug|Any CPU = Debug|Any CPU
		Release|Any CPU = Release|Any CPU
	EndGlobalSection
	GlobalSection(ProjectConfigurationPlatforms) = postSolution
		{0DC23BC5-1B61-4519-A421-23572B5B9B3B}.Debug|Any CPU.ActiveCfg = Debug|Any CPU
		{0DC23BC5-1B61-4519-A421-23572B5B9B3B}.Debug|Any CPU.Build.0 = Debug|Any CPU
		{0DC23BC5-1B61-4519-A421-23572B5B9B3B}.Release|Any CPU.ActiveCfg = Release|Any CPU
		{0DC23BC5-1B61-4519-A421-23572B5B9B3B}.Release|Any CPU.Build.0 = Release|Any CPU
	EndGlobalSection
	GlobalSection(SolutionProperties) = preSolution
		HideSolutionNode = FALSE
	EndGlobalSection
	GlobalSection(ExtensibilityGlobals) = postSolution
		SolutionGuid = {694769AF-6819-4E75-8F96-CD2A6B308ABB}
	EndGlobalSection
EndGlobal
